
Microsoft Visual Studio Solution File, Format Version 12.00
# Visual Studio Version 17
VisualStudioVersion = 17.8.34511.84
MinimumVisualStudioVersion = 10.0.40219.1
Project("{FAE04EC0-301F-11D3-BF4B-00C04F79EFBC}") = "sampleapi", "sampleapi\sampleapi.csproj", "{3BBEC888-EB79-44D6-84F4-5E077817B086}"
EndProject
Global
	GlobalSection(SolutionConfigurationPlatforms) = preSolution
		Debug|Any CPU = Debug|Any CPU
		Release|Any CPU = Release|Any CPU
	EndGlobalSection
	GlobalSection(ProjectConfigurationPlatforms) = postSolution
		{3BBEC888-EB79-44D6-84F4-5E077817B086}.Debug|Any CPU.ActiveCfg = Debug|Any CPU
		{3BBEC888-EB79-44D6-84F4-5E077817B086}.Debug|Any CPU.Build.0 = Debug|Any CPU
		{3BBEC888-EB79-44D6-84F4-5E077817B086}.Release|Any CPU.ActiveCfg = Release|Any CPU
		{3BBEC888-EB79-44D6-84F4-5E077817B086}.Release|Any CPU.Build.0 = Release|Any CPU
	EndGlobalSection
	GlobalSection(SolutionProperties) = preSolution
		HideSolutionNode = FALSE
	EndGlobalSection
	GlobalSection(ExtensibilityGlobals) = postSolution
		SolutionGuid = {7CE1D457-C89B-4AAA-AC73-985B617A60C8}
	EndGlobalSection
EndGlobal
